{
  "requires": true,
  "lockfileVersion": 1,
  "dependencies": {
    "@angular/cdk": {
      "version": "7.3.7",
      "resolved": "https://registry.npmjs.org/@angular/cdk/-/cdk-7.3.7.tgz",
      "integrity": "sha512-xbXxhHHKGkVuW6K7pzPmvpJXIwpl0ykBnvA2g+/7Sgy5Pd35wCC+UtHD9RYczDM/mkygNxMQtagyCErwFnDtQA==",
      "requires": {
        "parse5": "5.1.0",
        "tslib": "1.9.3"
      }
    },
    "@angular/common": {
      "version": "7.0.0",
      "resolved": "https://registry.npmjs.org/@angular/common/-/common-7.0.0.tgz",
      "integrity": "sha512-jp6MA6EOq/a1m+F0c1aZC345pAYYYFpN1m7GMM91JlqkjzJMhyYVk+Bod9xQOEWadcpY+RFudG+jRsPCMO8bvQ==",
      "requires": {
        "tslib": "1.9.3"
      }
    },
    "@angular/compiler": {
      "version": "7.0.0",
      "resolved": "https://registry.npmjs.org/@angular/compiler/-/compiler-7.0.0.tgz",
      "integrity": "sha512-4fkohfGyG1BEpeYenOartuJmduyZ/R3XQx46hDDiR/9A8/Go4qLGkgr9Bd/JL/gPIR1XAHH9D5ii2sh+28ZEmA==",
      "requires": {
        "tslib": "1.9.3"
      }
    },
    "@angular/core": {
      "version": "7.0.0",
      "resolved": "https://registry.npmjs.org/@angular/core/-/core-7.0.0.tgz",
      "integrity": "sha512-DjVyWNGBWKEeBvxeXy8FGBNlnr/W/tNygOZEd6/uCktcXTG4DNyNQrWuNZUKEpr7RuIT3YVMj+UNwgTq0jB/9g==",
      "requires": {
        "tslib": "1.9.3"
      }
    },
    "@angular/forms": {
      "version": "7.0.0",
      "resolved": "https://registry.npmjs.org/@angular/forms/-/forms-7.0.0.tgz",
      "integrity": "sha512-rTg1UHq9gHR6zY3Kkip1KCm/YTck/rlR8CvVFIMwF0bdQxUCT51SXVn58nXts9yDaieABcGaQHNkQn1mARslgw==",
      "requires": {
        "tslib": "1.9.3"
      }
    },
    "@angular/http": {
      "version": "7.0.0",
      "resolved": "https://registry.npmjs.org/@angular/http/-/http-7.0.0.tgz",
      "integrity": "sha512-gHMVKosbhXu+2sXccR1fnKpaJBtZioneW+jpG6CW3oo6f4L5FXnGGx/lqYLsgKFM8yHiOs6OXqvuHh8wYEjayA==",
      "requires": {
        "tslib": "1.9.3"
      }
    },
    "@angular/platform-browser": {
      "version": "7.0.0",
      "resolved": "https://registry.npmjs.org/@angular/platform-browser/-/platform-browser-7.0.0.tgz",
      "integrity": "sha512-XyvL30d6meJ+SXlOmdR+sxoLdSvkQdmVNvpdvUzAHC/EqwA/byg4V3bTe5lpZmypclgFCjkGoTsz6uOnnwlQhw==",
      "requires": {
        "tslib": "1.9.3"
      }
    },
    "@angular/platform-browser-dynamic": {
      "version": "7.0.0",
      "resolved": "https://registry.npmjs.org/@angular/platform-browser-dynamic/-/platform-browser-dynamic-7.0.0.tgz",
      "integrity": "sha512-lH2KuH+Em1y/mTOE6yTJmsOxYkMbYKzKLP9gYzc9vZu3er1df6Jx6jxefeBmAr9v+kNCLnpnHWHz2y4GzAesJA==",
      "requires": {
        "tslib": "1.9.3"
      }
    },
    "@angular/router": {
      "version": "7.0.0",
      "resolved": "https://registry.npmjs.org/@angular/router/-/router-7.0.0.tgz",
      "integrity": "sha512-BK6Ho/7ckldFKc724piuPuMX0HPYXD8SUfwNj6yc0wgzDxdWzSmZj/xPEYll2pGNIA9x8Tg1NQKCD+kp1WXngw==",
      "requires": {
        "tslib": "1.9.3"
      }
    },
    "angular-file-uploader": {
      "version": "5.0.2",
      "resolved": "https://registry.npmjs.org/angular-file-uploader/-/angular-file-uploader-5.0.2.tgz",
      "integrity": "sha512-QeU1wBezfp9epzQF2WQdz3xTLf6Tlne1iN/6NxAgNSQ2UWaMEzlW2tKdLF/TM9ttBbygKsgfx4PGNQxDuCVtJw==",
      "requires": {
        "tslib": "1.9.3"
      }
    },
    "coffeescript": {
      "version": "2.4.1",
      "resolved": "https://registry.npmjs.org/coffeescript/-/coffeescript-2.4.1.tgz",
      "integrity": "sha512-34GV1aHrsMpTaO3KfMJL40ZNuvKDR/g98THHnE9bQj8HjMaZvSrLik99WWqyMhRtbe8V5hpx5iLgdcSvM/S2wg=="
    },
    "core-js": {
      "version": "3.1.2",
      "resolved": "https://registry.npmjs.org/core-js/-/core-js-3.1.2.tgz",
      "integrity": "sha512-3poRGjbu56leCtZCZCzCgQ7GcKOflDFnjWIepaPFUsM0IXUBrne10sl3aa2Bkcz3+FjRdIxBe9dAMhIJmEnQNA=="
    },
    "moment": {
      "version": "2.24.0",
      "resolved": "https://registry.npmjs.org/moment/-/moment-2.24.0.tgz",
      "integrity": "sha512-bV7f+6l2QigeBBZSM/6yTNq4P2fNpSWj/0e7jQcy87A8e7o2nAfP/34/2ky5Vw4B9S446EtIhodAzkFCcR4dQg=="
    },
    "ng-pick-datetime": {
      "version": "7.0.0",
      "resolved": "https://registry.npmjs.org/ng-pick-datetime/-/ng-pick-datetime-7.0.0.tgz",
      "integrity": "sha512-SbS+zKX6gOlYpgH8zDSx2EL32ak0Z0y1Ksu1ECP/FiwVBM2mHgbzdfyDYhMmKFB0GKn5yCwXTandR1FCQXe62w=="
    },
    "parse5": {
      "version": "5.1.0",
      "resolved": "https://registry.npmjs.org/parse5/-/parse5-5.1.0.tgz",
      "integrity": "sha512-fxNG2sQjHvlVAYmzBZS9YlDp6PTSSDwa98vkD4QgVDDCAo84z5X1t5XyJQ62ImdLXx5NdIIfihey6xpum9/gRQ==",
      "optional": true
    },
    "reflect-metadata": {
      "version": "0.1.13",
      "resolved": "https://registry.npmjs.org/reflect-metadata/-/reflect-metadata-0.1.13.tgz",
      "integrity": "sha512-Ts1Y/anZELhSsjMcU605fU9RE4Oi3p5ORujwbIKXfWa+0Zxs510Qrmrce5/Jowq3cHSZSJqBjypxmHarc+vEWg=="
    },
    "rxjs": {
      "version": "6.0.0",
      "resolved": "https://registry.npmjs.org/rxjs/-/rxjs-6.0.0.tgz",
      "integrity": "sha512-2MgLQr1zvks8+Kip4T6hcJdiBhV+SIvxguoWjhwtSpNPTp/5e09HJbgclCwR/nW0yWzhubM+6Q0prl8G5RuoBA==",
      "requires": {
        "tslib": "1.9.3"
      }
    },
    "systemjs": {
      "version": "3.1.6",
      "resolved": "https://registry.npmjs.org/systemjs/-/systemjs-3.1.6.tgz",
      "integrity": "sha512-cXin4Z7FWf/eANmvuR5uE8qfPqMlkjyNZbayO/Mf3+AvSOegYY/3myiWgioKLOWUeB16if3VYqdk7HXXmgOL8Q=="
    },
    "tslib": {
      "version": "1.9.3",
      "resolved": "https://registry.npmjs.org/tslib/-/tslib-1.9.3.tgz",
      "integrity": "sha512-4krF8scpejhaOgqzBEcGM7yDIEfi0/8+8zDRZhNZZ2kjmHJ4hv3zCbQWxoJGz1iw5U0Jl0nma13xzHXcncMavQ=="
    },
    "typescript": {
      "version": "2.9.2",
      "resolved": "https://registry.npmjs.org/typescript/-/typescript-2.9.2.tgz",
      "integrity": "sha512-Gr4p6nFNaoufRIY4NMdpQRNmgxVIGMs4Fcu/ujdYk3nAZqk7supzBE9idmvfZIlH/Cuj//dvi+019qEue9lV0w==",
      "dev": true
    },
    "zone.js": {
      "version": "0.8.26",
      "resolved": "https://registry.npmjs.org/zone.js/-/zone.js-0.8.26.tgz",
      "integrity": "sha512-W9Nj+UmBJG251wkCacIkETgra4QgBo/vgoEkb4a2uoLzpQG7qF9nzwoLXWU5xj3Fg2mxGvEDh47mg24vXccYjA=="
    }
  }
}
